// !$*UTF8*$!
{
	archiveVersion = 1;
	classes = {
	};
	objectVersion = 48;
	objects = {

/* Begin PBXBuildFile section */
		3FFAD22E1FE51192002A1AE0 /* JSPhoneFormat.h in Headers */ = {isa = PBXBuildFile; fileRef = 3FFAD22C1FE51192002A1AE0 /* JSPhoneFormat.h */; settings = {ATTRIBUTES = (Public, ); }; };
		3FFAD2351FE511A6002A1AE0 /* JSPhoneFormat.swift in Sources */ = {isa = PBXBuildFile; fileRef = 3FFAD2341FE511A6002A1AE0 /* JSPhoneFormat.swift */; };
		3FFAD23D1FE511FB002A1AE0 /* AppDelegate.swift in Sources */ = {isa = PBXBuildFile; fileRef = 3FFAD23C1FE511FB002A1AE0 /* AppDelegate.swift */; };
		3FFAD23F1FE511FB002A1AE0 /* ViewController.swift in Sources */ = {isa = PBXBuildFile; fileRef = 3FFAD23E1FE511FB002A1AE0 /* ViewController.swift */; };
		3FFAD2421FE511FB002A1AE0 /* Main.storyboard in Resources */ = {isa = PBXBuildFile; fileRef = 3FFAD2401FE511FB002A1AE0 /* Main.storyboard */; };
		3FFAD2441FE511FB002A1AE0 /* Assets.xcassets in Resources */ = {isa = PBXBuildFile; fileRef = 3FFAD2431FE511FB002A1AE0 /* Assets.xcassets */; };
		3FFAD2471FE511FB002A1AE0 /* LaunchScreen.storyboard in Resources */ = {isa = PBXBuildFile; fileRef = 3FFAD2451FE511FB002A1AE0 /* LaunchScreen.storyboard */; };
/* End PBXBuildFile section */

/* Begin PBXFileReference section */
		3FFAD2291FE51192002A1AE0 /* JSPhoneFormat.framework */ = {isa = PBXFileReference; explicitFileType = wrapper.framework; includeInIndex = 0; path = JSPhoneFormat.framework; sourceTree = BUILT_PRODUCTS_DIR; };
		3FFAD22C1FE51192002A1AE0 /* JSPhoneFormat.h */ = {isa = PBXFileReference; lastKnownFileType = sourcecode.c.h; path = JSPhoneFormat.h; sourceTree = "<group>"; };
		3FFAD22D1FE51192002A1AE0 /* Info.plist */ = {isa = PBXFileReference; lastKnownFileType = text.plist.xml; path = Info.plist; sourceTree = "<group>"; };
		3FFAD2341FE511A6002A1AE0 /* JSPhoneFormat.swift */ = {isa = PBXFileReference; lastKnownFileType = sourcecode.swift; path = JSPhoneFormat.swift; sourceTree = "<group>"; };
		3FFAD23A1FE511FB002A1AE0 /* Example.app */ = {isa = PBXFileReference; explicitFileType = wrapper.application; includeInIndex = 0; path = Example.app; sourceTree = BUILT_PRODUCTS_DIR; };
		3FFAD23C1FE511FB002A1AE0 /* AppDelegate.swift */ = {isa = PBXFileReference; lastKnownFileType = sourcecode.swift; path = AppDelegate.swift; sourceTree = "<group>"; };
		3FFAD23E1FE511FB002A1AE0 /* ViewController.swift */ = {isa = PBXFileReference; lastKnownFileType = sourcecode.swift; path = ViewController.swift; sourceTree = "<group>"; };
		3FFAD2411FE511FB002A1AE0 /* Base */ = {isa = PBXFileReference; lastKnownFileType = file.storyboard; name = Base; path = Base.lproj/Main.storyboard; sourceTree = "<group>"; };
		3FFAD2431FE511FB002A1AE0 /* Assets.xcassets */ = {isa = PBXFileReference; lastKnownFileType = folder.assetcatalog; path = Assets.xcassets; sourceTree = "<group>"; };
		3FFAD2461FE511FB002A1AE0 /* Base */ = {isa = PBXFileReference; lastKnownFileType = file.storyboard; name = Base; path = Base.lproj/LaunchScreen.storyboard; sourceTree = "<group>"; };
		3FFAD2481FE511FB002A1AE0 /* Info.plist */ = {isa = PBXFileReference; lastKnownFileType = text.plist.xml; path = Info.plist; sourceTree = "<group>"; };
/* End PBXFileReference section */

/* Begin PBXFrameworksBuildPhase section */
		3FFAD2251FE51192002A1AE0 /* Frameworks */ = {
			isa = PBXFrameworksBuildPhase;
			buildActionMask = 2147483647;
			files = (
			);
			runOnlyForDeploymentPostprocessing = 0;
		};
		3FFAD2371FE511FB002A1AE0 /* Frameworks */ = {
			isa = PBXFrameworksBuildPhase;
			buildActionMask = 2147483647;
			files = (
			);
			runOnlyForDeploymentPostprocessing = 0;
		};
/* End PBXFrameworksBuildPhase section */

/* Begin PBXGroup section */
		3FFAD21F1FE51192002A1AE0 = {
			isa = PBXGroup;
			children = (
				3FFAD22B1FE51192002A1AE0 /* JSPhoneFormat */,
				3FFAD23B1FE511FB002A1AE0 /* Example */,
				3FFAD22A1FE51192002A1AE0 /* Products */,
			);
			sourceTree = "<group>";
		};
		3FFAD22A1FE51192002A1AE0 /* Products */ = {
			isa = PBXGroup;
			children = (
				3FFAD2291FE51192002A1AE0 /* JSPhoneFormat.framework */,
				3FFAD23A1FE511FB002A1AE0 /* Example.app */,
			);
			name = Products;
			sourceTree = "<group>";
		};
		3FFAD22B1FE51192002A1AE0 /* JSPhoneFormat */ = {
			isa = PBXGroup;
			children = (
				3FFAD22C1FE51192002A1AE0 /* JSPhoneFormat.h */,
				3FFAD2341FE511A6002A1AE0 /* JSPhoneFormat.swift */,
				3FFAD22D1FE51192002A1AE0 /* Info.plist */,
			);
			path = JSPhoneFormat;
			sourceTree = "<group>";
		};
		3FFAD23B1FE511FB002A1AE0 /* Example */ = {
			isa = PBXGroup;
			children = (
				3FFAD23C1FE511FB002A1AE0 /* AppDelegate.swift */,
				3FFAD23E1FE511FB002A1AE0 /* ViewController.swift */,
				3FFAD2401FE511FB002A1AE0 /* Main.storyboard */,
				3FFAD2431FE511FB002A1AE0 /* Assets.xcassets */,
				3FFAD2451FE511FB002A1AE0 /* LaunchScreen.storyboard */,
				3FFAD2481FE511FB002A1AE0 /* Info.plist */,
			);
			path = Example;
			sourceTree = "<group>";
		};
/* End PBXGroup section */

/* Begin PBXHeadersBuildPhase section */
		3FFAD2261FE51192002A1AE0 /* Headers */ = {
			isa = PBXHeadersBuildPhase;
			buildActionMask = 2147483647;
			files = (
				3FFAD22E1FE51192002A1AE0 /* JSPhoneFormat.h in Headers */,
			);
			runOnlyForDeploymentPostprocessing = 0;
		};
/* End PBXHeadersBuildPhase section */

/* Begin PBXNativeTarget section */
		3FFAD2281FE51192002A1AE0 /* JSPhoneFormat */ = {
			isa = PBXNativeTarget;
			buildConfigurationList = 3FFAD2311FE51192002A1AE0 /* Build configuration list for PBXNativeTarget "JSPhoneFormat" */;
			buildPhases = (
				3FFAD2241FE51192002A1AE0 /* Sources */,
				3FFAD2251FE51192002A1AE0 /* Frameworks */,
				3FFAD2261FE51192002A1AE0 /* Headers */,
				3FFAD2271FE51192002A1AE0 /* Resources */,
			);
			buildRules = (
			);
			dependencies = (
			);
			name = JSPhoneFormat;
			productName = JSPhoneFormat;
			productReference = 3FFAD2291FE51192002A1AE0 /* JSPhoneFormat.framework */;
			productType = "com.apple.product-type.framework";
		};
		3FFAD2391FE511FB002A1AE0 /* Example */ = {
			isa = PBXNativeTarget;
			buildConfigurationList = 3FFAD2491FE511FB002A1AE0 /* Build configuration list for PBXNativeTarget "Example" */;
			buildPhases = (
				3FFAD2361FE511FB002A1AE0 /* Sources */,
				3FFAD2371FE511FB002A1AE0 /* Frameworks */,
				3FFAD2381FE511FB002A1AE0 /* Resources */,
			);
			buildRules = (
			);
			dependencies = (
			);
			name = Example;
			productName = Example;
			productReference = 3FFAD23A1FE511FB002A1AE0 /* Example.app */;
			productType = "com.apple.product-type.application";
		};
/* End PBXNativeTarget section */

/* Begin PBXProject section */
		3FFAD2201FE51192002A1AE0 /* Project object */ = {
			isa = PBXProject;
			attributes = {
				LastSwiftUpdateCheck = 0920;
				LastUpgradeCheck = 0920;
				ORGANIZATIONNAME = "이재성";
				TargetAttributes = {
					3FFAD2281FE51192002A1AE0 = {
						CreatedOnToolsVersion = 9.2;
						LastSwiftMigration = 0920;
						ProvisioningStyle = Automatic;
					};
					3FFAD2391FE511FB002A1AE0 = {
						CreatedOnToolsVersion = 9.2;
						ProvisioningStyle = Automatic;
					};
				};
			};
			buildConfigurationList = 3FFAD2231FE51192002A1AE0 /* Build configuration list for PBXProject "JSPhoneFormat" */;
			compatibilityVersion = "Xcode 8.0";
			developmentRegion = en;
			hasScannedForEncodings = 0;
			knownRegions = (
				en,
				Base,
			);
			mainGroup = 3FFAD21F1FE51192002A1AE0;
			productRefGroup = 3FFAD22A1FE51192002A1AE0 /* Products */;
			projectDirPath = "";
			projectRoot = "";
			targets = (
				3FFAD2281FE51192002A1AE0 /* JSPhoneFormat */,
				3FFAD2391FE511FB002A1AE0 /* Example */,
			);
		};
/* End PBXProject section */

/* Begin PBXResourcesBuildPhase section */
		3FFAD2271FE51192002A1AE0 /* Resources */ = {
			isa = PBXResourcesBuildPhase;
			buildActionMask = 2147483647;
			files = (
			);
			runOnlyForDeploymentPostprocessing = 0;
		};
		3FFAD2381FE511FB002A1AE0 /* Resources */ = {
			isa = PBXResourcesBuildPhase;
			buildActionMask = 2147483647;
			files = (
				3FFAD2471FE511FB002A1AE0 /* LaunchScreen.storyboard in Resources */,
				3FFAD2441FE511FB002A1AE0 /* Assets.xcassets in Resources */,
				3FFAD2421FE511FB002A1AE0 /* Main.storyboard in Resources */,
			);
			runOnlyForDeploymentPostprocessing = 0;
		};
/* End PBXResourcesBuildPhase section */

/* Begin PBXSourcesBuildPhase section */
		3FFAD2241FE51192002A1AE0 /* Sources */ = {
			isa = PBXSourcesBuildPhase;
			buildActionMask = 2147483647;
			files = (
				3FFAD2351FE511A6002A1AE0 /* JSPhoneFormat.swift in Sources */,
			);
			runOnlyForDeploymentPostprocessing = 0;
		};
		3FFAD2361FE511FB002A1AE0 /* Sources */ = {
			isa = PBXSourcesBuildPhase;
			buildActionMask = 2147483647;
			files = (
				3FFAD23F1FE511FB002A1AE0 /* ViewController.swift in Sources */,
				3FFAD23D1FE511FB002A1AE0 /* AppDelegate.swift in Sources */,
			);
			runOnlyForDeploymentPostprocessing = 0;
		};
/* End PBXSourcesBuildPhase section */

/* Begin PBXVariantGroup section */
		3FFAD2401FE511FB002A1AE0 /* Main.storyboard */ = {
			isa = PBXVariantGroup;
			children = (
				3FFAD2411FE511FB002A1AE0 /* Base */,
			);
			name = Main.storyboard;
			sourceTree = "<group>";
		};
		3FFAD2451FE511FB002A1AE0 /* LaunchScreen.storyboard */ = {
			isa = PBXVariantGroup;
			children = (
				3FFAD2461FE511FB002A1AE0 /* Base */,
			);
			name = LaunchScreen.storyboard;
			sourceTree = "<group>";
		};
/* End PBXVariantGroup section */

/* Begin XCBuildConfiguration section */
		3FFAD22F1FE51192002A1AE0 /* Debug */ = {
			isa = XCBuildConfiguration;
			buildSettings = {
				ALWAYS_SEARCH_USER_PATHS = NO;
				CLANG_ANALYZER_NONNULL = YES;
				CLANG_ANALYZER_NUMBER_OBJECT_CONVERSION = YES_AGGRESSIVE;
				CLANG_CXX_LANGUAGE_STANDARD = "gnu++14";
				CLANG_CXX_LIBRARY = "libc++";
				CLANG_ENABLE_MODULES = YES;
				CLANG_ENABLE_OBJC_ARC = YES;
				CLANG_WARN_BLOCK_CAPTURE_AUTORELEASING = YES;
				CLANG_WARN_BOOL_CONVERSION = YES;
				CLANG_WARN_COMMA = YES;
				CLANG_WARN_CONSTANT_CONVERSION = YES;
				CLANG_WARN_DIRECT_OBJC_ISA_USAGE = YES_ERROR;
				CLANG_WARN_DOCUMENTATION_COMMENTS = YES;
				CLANG_WARN_EMPTY_BODY = YES;
				CLANG_WARN_ENUM_CONVERSION = YES;
				CLANG_WARN_INFINITE_RECURSION = YES;
				CLANG_WARN_INT_CONVERSION = YES;
				CLANG_WARN_NON_LITERAL_NULL_CONVERSION = YES;
				CLANG_WARN_OBJC_LITERAL_CONVERSION = YES;
				CLANG_WARN_OBJC_ROOT_CLASS = YES_ERROR;
				CLANG_WARN_RANGE_LOOP_ANALYSIS = YES;
				CLANG_WARN_STRICT_PROTOTYPES = YES;
				CLANG_WARN_SUSPICIOUS_MOVE = YES;
				CLANG_WARN_UNGUARDED_AVAILABILITY = YES_AGGRESSIVE;
				CLANG_WARN_UNREACHABLE_CODE = YES;
				CLANG_WARN__DUPLICATE_METHOD_MATCH = YES;
				CODE_SIGN_IDENTITY = "iPhone Developer";
				COPY_PHASE_STRIP = NO;
				CURRENT_PROJECT_VERSION = 1;
				DEBUG_INFORMATION_FORMAT = dwarf;
				ENABLE_STRICT_OBJC_MSGSEND = YES;
				ENABLE_TESTABILITY = YES;
				GCC_C_LANGUAGE_STANDARD = gnu11;
				GCC_DYNAMIC_NO_PIC = NO;
				GCC_NO_COMMON_BLOCKS = YES;
				GCC_OPTIMIZATION_LEVEL = 0;
				GCC_PREPROCESSOR_DEFINITIONS = (
					"DEBUG=1",
					"$(inherited)",
				);
				GCC_WARN_64_TO_32_BIT_CONVERSION = YES;
				GCC_WARN_ABOUT_RETURN_TYPE = YES_ERROR;
				GCC_WARN_UNDECLARED_SELECTOR = YES;
				GCC_WARN_UNINITIALIZED_AUTOS = YES_AGGRESSIVE;
				GCC_WARN_UNUSED_FUNCTION = YES;
				GCC_WARN_UNUSED_VARIABLE = YES;
				IPHONEOS_DEPLOYMENT_TARGET = 11.2;
				MTL_ENABLE_DEBUG_INFO = YES;
				ONLY_ACTIVE_ARCH = YES;
				SDKROOT = iphoneos;
				SWIFT_ACTIVE_COMPILATION_CONDITIONS = DEBUG;
				SWIFT_OPTIMIZATION_LEVEL = "-Onone";
				VERSIONING_SYSTEM = "apple-generic";
				VERSION_INFO_PREFIX = "";
			};
			name = Debug;
		};
		3FFAD2301FE51192002A1AE0 /* Release */ = {
			isa = XCBuildConfiguration;
			buildSettings = {
				ALWAYS_SEARCH_USER_PATHS = NO;
				CLANG_ANALYZER_NONNULL = YES;
				CLANG_ANALYZER_NUMBER_OBJECT_CONVERSION = YES_AGGRESSIVE;
				CLANG_CXX_LANGUAGE_STANDARD = "gnu++14";
				CLANG_CXX_LIBRARY = "libc++";
				CLANG_ENABLE_MODULES = YES;
				CLANG_ENABLE_OBJC_ARC = YES;
				CLANG_WARN_BLOCK_CAPTURE_AUTORELEASING = YES;
				CLANG_WARN_BOOL_CONVERSION = YES;
				CLANG_WARN_COMMA = YES;
				CLANG_WARN_CONSTANT_CONVERSION = YES;
				CLANG_WARN_DIRECT_OBJC_ISA_USAGE = YES_ERROR;
				CLANG_WARN_DOCUMENTATION_COMMENTS = YES;
				CLANG_WARN_EMPTY_BODY = YES;
				CLANG_WARN_ENUM_CONVERSION = YES;
				CLANG_WARN_INFINITE_RECURSION = YES;
				CLANG_WARN_INT_CONVERSION = YES;
				CLANG_WARN_NON_LITERAL_NULL_CONVERSION = YES;
				CLANG_WARN_OBJC_LITERAL_CONVERSION = YES;
				CLANG_WARN_OBJC_ROOT_CLASS = YES_ERROR;
				CLANG_WARN_RANGE_LOOP_ANALYSIS = YES;
				CLANG_WARN_STRICT_PROTOTYPES = YES;
				CLANG_WARN_SUSPICIOUS_MOVE = YES;
				CLANG_WARN_UNGUARDED_AVAILABILITY = YES_AGGRESSIVE;
				CLANG_WARN_UNREACHABLE_CODE = YES;
				CLANG_WARN__DUPLICATE_METHOD_MATCH = YES;
				CODE_SIGN_IDENTITY = "iPhone Developer";
				COPY_PHASE_STRIP = NO;
				CURRENT_PROJECT_VERSION = 1;
				DEBUG_INFORMATION_FORMAT = "dwarf-with-dsym";
				ENABLE_NS_ASSERTIONS = NO;
				ENABLE_STRICT_OBJC_MSGSEND = YES;
				GCC_C_LANGUAGE_STANDARD = gnu11;
				GCC_NO_COMMON_BLOCKS = YES;
				GCC_WARN_64_TO_32_BIT_CONVERSION = YES;
				GCC_WARN_ABOUT_RETURN_TYPE = YES_ERROR;
				GCC_WARN_UNDECLARED_SELECTOR = YES;
				GCC_WARN_UNINITIALIZED_AUTOS = YES_AGGRESSIVE;
				GCC_WARN_UNUSED_FUNCTION = YES;
				GCC_WARN_UNUSED_VARIABLE = YES;
				IPHONEOS_DEPLOYMENT_TARGET = 11.2;
				MTL_ENABLE_DEBUG_INFO = NO;
				SDKROOT = iphoneos;
				SWIFT_OPTIMIZATION_LEVEL = "-Owholemodule";
				VALIDATE_PRODUCT = YES;
				VERSIONING_SYSTEM = "apple-generic";
				VERSION_INFO_PREFIX = "";
			};
			name = Release;
		};
		3FFAD2321FE51192002A1AE0 /* Debug */ = {
			isa = XCBuildConfiguration;
			buildSettings = {
				ALWAYS_EMBED_SWIFT_STANDARD_LIBRARIES = YES;
				CLANG_ENABLE_MODULES = YES;
				CODE_SIGN_IDENTITY = "";
				CODE_SIGN_STYLE = Automatic;
				DEFINES_MODULE = YES;
				DEVELOPMENT_TEAM = TA757FA6NR;
				DYLIB_COMPATIBILITY_VERSION = 1;
				DYLIB_CURRENT_VERSION = 1;
				DYLIB_INSTALL_NAME_BASE = "@rpath";
				INFOPLIST_FILE = JSPhoneFormat/Info.plist;
				INSTALL_PATH = "$(LOCAL_LIBRARY_DIR)/Frameworks";
				IPHONEOS_DEPLOYMENT_TARGET = 9.0;
				LD_RUNPATH_SEARCH_PATHS = "$(inherited) @executable_path/Frameworks @loader_path/Frameworks";
				PRODUCT_BUNDLE_IDENTIFIER = kr.co.kaskay.JSPhoneFormat;
				PRODUCT_NAME = "$(TARGET_NAME:c99extidentifier)";
				SKIP_INSTALL = YES;
				SWIFT_OPTIMIZATION_LEVEL = "-Onone";
				SWIFT_VERSION = 4.0;
				TARGETED_DEVICE_FAMILY = "1,2";
			};
			name = Debug;
		};
		3FFAD2331FE51192002A1AE0 /* Release */ = {
			isa = XCBuildConfiguration;
			buildSettings = {
				ALWAYS_EMBED_SWIFT_STANDARD_LIBRARIES = YES;
				CLANG_ENABLE_MODULES = YES;
				CODE_SIGN_IDENTITY = "";
				CODE_SIGN_STYLE = Automatic;
				DEFINES_MODULE = YES;
				DEVELOPMENT_TEAM = TA757FA6NR;
				DYLIB_COMPATIBILITY_VERSION = 1;
				DYLIB_CURRENT_VERSION = 1;
				DYLIB_INSTALL_NAME_BASE = "@rpath";
				INFOPLIST_FILE = JSPhoneFormat/Info.plist;
				INSTALL_PATH = "$(LOCAL_LIBRARY_DIR)/Frameworks";
				IPHONEOS_DEPLOYMENT_TARGET = 9.0;
				LD_RUNPATH_SEARCH_PATHS = "$(inherited) @executable_path/Frameworks @loader_path/Frameworks";
				PRODUCT_BUNDLE_IDENTIFIER = kr.co.kaskay.JSPhoneFormat;
				PRODUCT_NAME = "$(TARGET_NAME:c99extidentifier)";
				SKIP_INSTALL = YES;
				SWIFT_VERSION = 4.0;
				TARGETED_DEVICE_FAMILY = "1,2";
			};
			name = Release;
		};
		3FFAD24A1FE511FB002A1AE0 /* Debug */ = {
			isa = XCBuildConfiguration;
			buildSettings = {
				ALWAYS_EMBED_SWIFT_STANDARD_LIBRARIES = YES;
				ASSETCATALOG_COMPILER_APPICON_NAME = AppIcon;
				CODE_SIGN_STYLE = Automatic;
				DEVELOPMENT_TEAM = TA757FA6NR;
				INFOPLIST_FILE = Example/Info.plist;
				IPHONEOS_DEPLOYMENT_TARGET = 9.0;
				LD_RUNPATH_SEARCH_PATHS = "$(inherited) @executable_path/Frameworks";
				PRODUCT_BUNDLE_IDENTIFIER = kr.co.kaskay.Example;
				PRODUCT_NAME = "$(TARGET_NAME)";
				SWIFT_VERSION = 4.0;
				TARGETED_DEVICE_FAMILY = "1,2";
			};
			name = Debug;
		};
		3FFAD24B1FE511FB002A1AE0 /* Release */ = {
			isa = XCBuildConfiguration;
			buildSettings = {
				ALWAYS_EMBED_SWIFT_STANDARD_LIBRARIES = YES;
				ASSETCATALOG_COMPILER_APPICON_NAME = AppIcon;
				CODE_SIGN_STYLE = Automatic;
				DEVELOPMENT_TEAM = TA757FA6NR;
				INFOPLIST_FILE = Example/Info.plist;
				IPHONEOS_DEPLOYMENT_TARGET = 9.0;
				LD_RUNPATH_SEARCH_PATHS = "$(inherited) @executable_path/Frameworks";
				PRODUCT_BUNDLE_IDENTIFIER = kr.co.kaskay.Example;
				PRODUCT_NAME = "$(TARGET_NAME)";
				SWIFT_VERSION = 4.0;
				TARGETED_DEVICE_FAMILY = "1,2";
			};
			name = Release;
		};
/* End XCBuildConfiguration section */

/* Begin XCConfigurationList section */
		3FFAD2231FE51192002A1AE0 /* Build configuration list for PBXProject "JSPhoneFormat" */ = {
			isa = XCConfigurationList;
			buildConfigurations = (
				3FFAD22F1FE51192002A1AE0 /* Debug */,
				3FFAD2301FE51192002A1AE0 /* Release */,
			);
			defaultConfigurationIsVisible = 0;
			defaultConfigurationName = Release;
		};
		3FFAD2311FE51192002A1AE0 /* Build configuration list for PBXNativeTarget "JSPhoneFormat" */ = {
			isa = XCConfigurationList;
			buildConfigurations = (
				3FFAD2321FE51192002A1AE0 /* Debug */,
				3FFAD2331FE51192002A1AE0 /* Release */,
			);
			defaultConfigurationIsVisible = 0;
			defaultConfigurationName = Release;
		};
		3FFAD2491FE511FB002A1AE0 /* Build configuration list for PBXNativeTarget "Example" */ = {
			isa = XCConfigurationList;
			buildConfigurations = (
				3FFAD24A1FE511FB002A1AE0 /* Debug */,
				3FFAD24B1FE511FB002A1AE0 /* Release */,
			);
			defaultConfigurationIsVisible = 0;
			defaultConfigurationName = Release;
		};
/* End XCConfigurationList section */
	};
	rootObject = 3FFAD2201FE51192002A1AE0 /* Project object */;
}
